
Microsoft Visual Studio Solution File, Format Version 12.00
# Visual Studio Version 17
VisualStudioVersion = 17.0.32014.148
MinimumVisualStudioVersion = 10.0.40219.1
Project("{2150E333-8FDC-42A3-9474-1A3956D46DE8}") = "src", "src", "{8EBB0487-DF0C-42F0-B46C-DC9793E5A1B8}"
EndProject
Project("{2150E333-8FDC-42A3-9474-1A3956D46DE8}") = "test", "test", "{96CE3491-6F45-46D4-B311-D11E0B5DA18C}"
EndProject
Project("{2150E333-8FDC-42A3-9474-1A3956D46DE8}") = "API", "API", "{B04768FE-CC41-4768-8A3B-42F7D9A934EE}"
EndProject
Project("{2150E333-8FDC-42A3-9474-1A3956D46DE8}") = "Core", "Core", "{04214E4A-AA54-4BD7-BFCE-AB5BF7A40A33}"
EndProject
Project("{2150E333-8FDC-42A3-9474-1A3956D46DE8}") = "UI", "UI", "{8F92017D-1C75-4880-B170-67BC00E4D652}"
EndProject
Project("{2150E333-8FDC-42A3-9474-1A3956D46DE8}") = "Infrastructure", "Infrastructure", "{E8D9A094-B174-486B-830A-8FA91A114AE8}"
EndProject
Project("{9A19103F-16F7-4668-BE54-9A1E7A4F7556}") = "Mock.Domain", "Mock.Domain\Mock.Domain.csproj", "{6187E1F2-5058-4AF0-AB13-49AC58079E25}"
EndProject
Project("{9A19103F-16F7-4668-BE54-9A1E7A4F7556}") = "Mock.Application", "Mock.Application\Mock.Application.csproj", "{233132AE-3F78-42AA-A81B-953CA9E730C9}"
EndProject
Project("{9A19103F-16F7-4668-BE54-9A1E7A4F7556}") = "Mock.Persistence", "Mock.Persistence\Mock.Persistence.csproj", "{30E56A04-CAFE-48C4-BBD3-3DB7BDC99988}"
EndProject
Project("{9A19103F-16F7-4668-BE54-9A1E7A4F7556}") = "Mock.Infrastructure", "Mock.Infrastructure\Mock.Infrastructure.csproj", "{B475FE26-1099-4AFD-AA9E-8B0FF0B66B0A}"
EndProject
Project("{9A19103F-16F7-4668-BE54-9A1E7A4F7556}") = "Mock.API", "Mock.API\Mock.API.csproj", "{C6D985E5-4EAC-4355-AC17-8F4824D519C2}"
EndProject
Project("{FAE04EC0-301F-11D3-BF4B-00C04F79EFBC}") = "Mock.UnitTest", "Mock.UnitTest\Mock.UnitTest.csproj", "{6A5FD25D-DFA7-42A7-B75C-0C4F9DA1FEED}"
EndProject
Project("{FAE04EC0-301F-11D3-BF4B-00C04F79EFBC}") = "Mock.App", "Mock.App\Mock.App.csproj", "{0AB2BA17-0FAD-44D7-9F36-EBEFA1CA58C3}"
EndProject
Project("{FAE04EC0-301F-11D3-BF4B-00C04F79EFBC}") = "Mock.MVC", "Mock.MVC\Mock.MVC.csproj", "{6523283A-64C9-46F1-8B02-920A332DC59D}"
EndProject
Global
	GlobalSection(SolutionConfigurationPlatforms) = preSolution
		Debug|Any CPU = Debug|Any CPU
		Release|Any CPU = Release|Any CPU
	EndGlobalSection
	GlobalSection(ProjectConfigurationPlatforms) = postSolution
		{6187E1F2-5058-4AF0-AB13-49AC58079E25}.Debug|Any CPU.ActiveCfg = Debug|Any CPU
		{6187E1F2-5058-4AF0-AB13-49AC58079E25}.Debug|Any CPU.Build.0 = Debug|Any CPU
		{6187E1F2-5058-4AF0-AB13-49AC58079E25}.Release|Any CPU.ActiveCfg = Release|Any CPU
		{6187E1F2-5058-4AF0-AB13-49AC58079E25}.Release|Any CPU.Build.0 = Release|Any CPU
		{233132AE-3F78-42AA-A81B-953CA9E730C9}.Debug|Any CPU.ActiveCfg = Debug|Any CPU
		{233132AE-3F78-42AA-A81B-953CA9E730C9}.Debug|Any CPU.Build.0 = Debug|Any CPU
		{233132AE-3F78-42AA-A81B-953CA9E730C9}.Release|Any CPU.ActiveCfg = Release|Any CPU
		{233132AE-3F78-42AA-A81B-953CA9E730C9}.Release|Any CPU.Build.0 = Release|Any CPU
		{30E56A04-CAFE-48C4-BBD3-3DB7BDC99988}.Debug|Any CPU.ActiveCfg = Debug|Any CPU
		{30E56A04-CAFE-48C4-BBD3-3DB7BDC99988}.Debug|Any CPU.Build.0 = Debug|Any CPU
		{30E56A04-CAFE-48C4-BBD3-3DB7BDC99988}.Release|Any CPU.ActiveCfg = Release|Any CPU
		{30E56A04-CAFE-48C4-BBD3-3DB7BDC99988}.Release|Any CPU.Build.0 = Release|Any CPU
		{B475FE26-1099-4AFD-AA9E-8B0FF0B66B0A}.Debug|Any CPU.ActiveCfg = Debug|Any CPU
		{B475FE26-1099-4AFD-AA9E-8B0FF0B66B0A}.Debug|Any CPU.Build.0 = Debug|Any CPU
		{B475FE26-1099-4AFD-AA9E-8B0FF0B66B0A}.Release|Any CPU.ActiveCfg = Release|Any CPU
		{B475FE26-1099-4AFD-AA9E-8B0FF0B66B0A}.Release|Any CPU.Build.0 = Release|Any CPU
		{C6D985E5-4EAC-4355-AC17-8F4824D519C2}.Debug|Any CPU.ActiveCfg = Debug|Any CPU
		{C6D985E5-4EAC-4355-AC17-8F4824D519C2}.Debug|Any CPU.Build.0 = Debug|Any CPU
		{C6D985E5-4EAC-4355-AC17-8F4824D519C2}.Release|Any CPU.ActiveCfg = Release|Any CPU
		{C6D985E5-4EAC-4355-AC17-8F4824D519C2}.Release|Any CPU.Build.0 = Release|Any CPU
		{6A5FD25D-DFA7-42A7-B75C-0C4F9DA1FEED}.Debug|Any CPU.ActiveCfg = Debug|Any CPU
		{6A5FD25D-DFA7-42A7-B75C-0C4F9DA1FEED}.Debug|Any CPU.Build.0 = Debug|Any CPU
		{6A5FD25D-DFA7-42A7-B75C-0C4F9DA1FEED}.Release|Any CPU.ActiveCfg = Release|Any CPU
		{6A5FD25D-DFA7-42A7-B75C-0C4F9DA1FEED}.Release|Any CPU.Build.0 = Release|Any CPU
		{0AB2BA17-0FAD-44D7-9F36-EBEFA1CA58C3}.Debug|Any CPU.ActiveCfg = Debug|Any CPU
		{0AB2BA17-0FAD-44D7-9F36-EBEFA1CA58C3}.Debug|Any CPU.Build.0 = Debug|Any CPU
		{0AB2BA17-0FAD-44D7-9F36-EBEFA1CA58C3}.Release|Any CPU.ActiveCfg = Release|Any CPU
		{0AB2BA17-0FAD-44D7-9F36-EBEFA1CA58C3}.Release|Any CPU.Build.0 = Release|Any CPU
		{6523283A-64C9-46F1-8B02-920A332DC59D}.Debug|Any CPU.ActiveCfg = Debug|Any CPU
		{6523283A-64C9-46F1-8B02-920A332DC59D}.Debug|Any CPU.Build.0 = Debug|Any CPU
		{6523283A-64C9-46F1-8B02-920A332DC59D}.Release|Any CPU.ActiveCfg = Release|Any CPU
		{6523283A-64C9-46F1-8B02-920A332DC59D}.Release|Any CPU.Build.0 = Release|Any CPU
	EndGlobalSection
	GlobalSection(SolutionProperties) = preSolution
		HideSolutionNode = FALSE
	EndGlobalSection
	GlobalSection(NestedProjects) = preSolution
		{B04768FE-CC41-4768-8A3B-42F7D9A934EE} = {8EBB0487-DF0C-42F0-B46C-DC9793E5A1B8}
		{04214E4A-AA54-4BD7-BFCE-AB5BF7A40A33} = {8EBB0487-DF0C-42F0-B46C-DC9793E5A1B8}
		{8F92017D-1C75-4880-B170-67BC00E4D652} = {8EBB0487-DF0C-42F0-B46C-DC9793E5A1B8}
		{E8D9A094-B174-486B-830A-8FA91A114AE8} = {8EBB0487-DF0C-42F0-B46C-DC9793E5A1B8}
		{6187E1F2-5058-4AF0-AB13-49AC58079E25} = {04214E4A-AA54-4BD7-BFCE-AB5BF7A40A33}
		{233132AE-3F78-42AA-A81B-953CA9E730C9} = {04214E4A-AA54-4BD7-BFCE-AB5BF7A40A33}
		{30E56A04-CAFE-48C4-BBD3-3DB7BDC99988} = {E8D9A094-B174-486B-830A-8FA91A114AE8}
		{B475FE26-1099-4AFD-AA9E-8B0FF0B66B0A} = {E8D9A094-B174-486B-830A-8FA91A114AE8}
		{C6D985E5-4EAC-4355-AC17-8F4824D519C2} = {B04768FE-CC41-4768-8A3B-42F7D9A934EE}
		{6A5FD25D-DFA7-42A7-B75C-0C4F9DA1FEED} = {96CE3491-6F45-46D4-B311-D11E0B5DA18C}
		{0AB2BA17-0FAD-44D7-9F36-EBEFA1CA58C3} = {8F92017D-1C75-4880-B170-67BC00E4D652}
		{6523283A-64C9-46F1-8B02-920A332DC59D} = {8F92017D-1C75-4880-B170-67BC00E4D652}
	EndGlobalSection
	GlobalSection(ExtensibilityGlobals) = postSolution
		SolutionGuid = {491CE84A-4F49-4305-A7C5-B20B37FB8A0C}
	EndGlobalSection
EndGlobal
